
Microsoft Visual Studio Solution File, Format Version 12.00
# Visual Studio Version 16
VisualStudioVersion = 16.0.30225.117
MinimumVisualStudioVersion = 10.0.40219.1
Project("{FAE04EC0-301F-11D3-BF4B-00C04F79EFBC}") = "ConAppLinked", "ConAppLinked\ConAppLinked.csproj", "{1D27E225-2080-423A-8233-B249C7884FEC}"
EndProject
Global
	GlobalSection(SolutionConfigurationPlatforms) = preSolution
		Debug|Any CPU = Debug|Any CPU
		Release|Any CPU = Release|Any CPU
	EndGlobalSection
	GlobalSection(ProjectConfigurationPlatforms) = postSolution
		{1D27E225-2080-423A-8233-B249C7884FEC}.Debug|Any CPU.ActiveCfg = Debug|Any CPU
		{1D27E225-2080-423A-8233-B249C7884FEC}.Debug|Any CPU.Build.0 = Debug|Any CPU
		{1D27E225-2080-423A-8233-B249C7884FEC}.Release|Any CPU.ActiveCfg = Release|Any CPU
		{1D27E225-2080-423A-8233-B249C7884FEC}.Release|Any CPU.Build.0 = Release|Any CPU
	EndGlobalSection
	GlobalSection(SolutionProperties) = preSolution
		HideSolutionNode = FALSE
	EndGlobalSection
	GlobalSection(ExtensibilityGlobals) = postSolution
		SolutionGuid = {64E051C0-9486-4CAA-9EA6-18EE22187E76}
	EndGlobalSection
EndGlobal
